
Microsoft Visual Studio Solution File, Format Version 12.00
# Visual Studio Version 17
Project("{8BC9CEB8-8B4A-11D0-8D11-00A0C91BC942}") = "ALL_BUILD", "ALL_BUILD.vcxproj", "{8D34BBF1-D3C7-3FA4-BBD4-5DBB4E3BE136}"
	ProjectSection(ProjectDependencies) = postProject
		{659D7F29-9C00-3408-967D-B9678A6C6EA7} = {659D7F29-9C00-3408-967D-B9678A6C6EA7}
	EndProjectSection
EndProject
Project("{8BC9CEB8-8B4A-11D0-8D11-00A0C91BC942}") = "ConsoleApplication", "ConsoleApplication.vcxproj", "{659D7F29-9C00-3408-967D-B9678A6C6EA7}"
	ProjectSection(ProjectDependencies) = postProject
	EndProjectSection
EndProject
Project("{8BC9CEB8-8B4A-11D0-8D11-00A0C91BC942}") = "Continuous", "Continuous.vcxproj", "{674529BF-0B83-3AC5-ADD5-0051CF9E6609}"
	ProjectSection(ProjectDependencies) = postProject
	EndProjectSection
EndProject
Project("{8BC9CEB8-8B4A-11D0-8D11-00A0C91BC942}") = "Experimental", "Experimental.vcxproj", "{B7A5EC9F-1DDD-3371-BFBB-E70290768027}"
	ProjectSection(ProjectDependencies) = postProject
	EndProjectSection
EndProject
Project("{8BC9CEB8-8B4A-11D0-8D11-00A0C91BC942}") = "Nightly", "Nightly.vcxproj", "{E4074D69-E8A1-3A43-983F-8EBFB17C3A03}"
	ProjectSection(ProjectDependencies) = postProject
	EndProjectSection
EndProject
Project("{8BC9CEB8-8B4A-11D0-8D11-00A0C91BC942}") = "NightlyMemoryCheck", "NightlyMemoryCheck.vcxproj", "{451DC7E1-EFB8-3F9D-B4A8-922775AAE628}"
	ProjectSection(ProjectDependencies) = postProject
	EndProjectSection
EndProject
Project("{8BC9CEB8-8B4A-11D0-8D11-00A0C91BC942}") = "PACKAGE", "PACKAGE.vcxproj", "{7D049704-C467-319B-A849-97022F0F0C38}"
	ProjectSection(ProjectDependencies) = postProject
		{8D34BBF1-D3C7-3FA4-BBD4-5DBB4E3BE136} = {8D34BBF1-D3C7-3FA4-BBD4-5DBB4E3BE136}
	EndProjectSection
EndProject
Project("{8BC9CEB8-8B4A-11D0-8D11-00A0C91BC942}") = "RUN_TESTS", "RUN_TESTS.vcxproj", "{894154FF-0086-3693-8314-B58F8F98CF2B}"
	ProjectSection(ProjectDependencies) = postProject
	EndProjectSection
EndProject
Global
	GlobalSection(SolutionConfigurationPlatforms) = preSolution
		Debug|x64 = Debug|x64
		Release|x64 = Release|x64
		MinSizeRel|x64 = MinSizeRel|x64
		RelWithDebInfo|x64 = RelWithDebInfo|x64
	EndGlobalSection
	GlobalSection(ProjectConfigurationPlatforms) = postSolution
		{8D34BBF1-D3C7-3FA4-BBD4-5DBB4E3BE136}.Debug|x64.ActiveCfg = Debug|x64
		{8D34BBF1-D3C7-3FA4-BBD4-5DBB4E3BE136}.Debug|x64.Build.0 = Debug|x64
		{8D34BBF1-D3C7-3FA4-BBD4-5DBB4E3BE136}.Release|x64.ActiveCfg = Release|x64
		{8D34BBF1-D3C7-3FA4-BBD4-5DBB4E3BE136}.Release|x64.Build.0 = Release|x64
		{8D34BBF1-D3C7-3FA4-BBD4-5DBB4E3BE136}.MinSizeRel|x64.ActiveCfg = MinSizeRel|x64
		{8D34BBF1-D3C7-3FA4-BBD4-5DBB4E3BE136}.MinSizeRel|x64.Build.0 = MinSizeRel|x64
		{8D34BBF1-D3C7-3FA4-BBD4-5DBB4E3BE136}.RelWithDebInfo|x64.ActiveCfg = RelWithDebInfo|x64
		{8D34BBF1-D3C7-3FA4-BBD4-5DBB4E3BE136}.RelWithDebInfo|x64.Build.0 = RelWithDebInfo|x64
		{659D7F29-9C00-3408-967D-B9678A6C6EA7}.Debug|x64.ActiveCfg = Debug|x64
		{659D7F29-9C00-3408-967D-B9678A6C6EA7}.Debug|x64.Build.0 = Debug|x64
		{659D7F29-9C00-3408-967D-B9678A6C6EA7}.Release|x64.ActiveCfg = Release|x64
		{659D7F29-9C00-3408-967D-B9678A6C6EA7}.Release|x64.Build.0 = Release|x64
		{659D7F29-9C00-3408-967D-B9678A6C6EA7}.MinSizeRel|x64.ActiveCfg = MinSizeRel|x64
		{659D7F29-9C00-3408-967D-B9678A6C6EA7}.MinSizeRel|x64.Build.0 = MinSizeRel|x64
		{659D7F29-9C00-3408-967D-B9678A6C6EA7}.RelWithDebInfo|x64.ActiveCfg = RelWithDebInfo|x64
		{659D7F29-9C00-3408-967D-B9678A6C6EA7}.RelWithDebInfo|x64.Build.0 = RelWithDebInfo|x64
		{674529BF-0B83-3AC5-ADD5-0051CF9E6609}.Debug|x64.ActiveCfg = Debug|x64
		{674529BF-0B83-3AC5-ADD5-0051CF9E6609}.Release|x64.ActiveCfg = Release|x64
		{674529BF-0B83-3AC5-ADD5-0051CF9E6609}.MinSizeRel|x64.ActiveCfg = MinSizeRel|x64
		{674529BF-0B83-3AC5-ADD5-0051CF9E6609}.RelWithDebInfo|x64.ActiveCfg = RelWithDebInfo|x64
		{B7A5EC9F-1DDD-3371-BFBB-E70290768027}.Debug|x64.ActiveCfg = Debug|x64
		{B7A5EC9F-1DDD-3371-BFBB-E70290768027}.Release|x64.ActiveCfg = Release|x64
		{B7A5EC9F-1DDD-3371-BFBB-E70290768027}.MinSizeRel|x64.ActiveCfg = MinSizeRel|x64
		{B7A5EC9F-1DDD-3371-BFBB-E70290768027}.RelWithDebInfo|x64.ActiveCfg = RelWithDebInfo|x64
		{E4074D69-E8A1-3A43-983F-8EBFB17C3A03}.Debug|x64.ActiveCfg = Debug|x64
		{E4074D69-E8A1-3A43-983F-8EBFB17C3A03}.Release|x64.ActiveCfg = Release|x64
		{E4074D69-E8A1-3A43-983F-8EBFB17C3A03}.MinSizeRel|x64.ActiveCfg = MinSizeRel|x64
		{E4074D69-E8A1-3A43-983F-8EBFB17C3A03}.RelWithDebInfo|x64.ActiveCfg = RelWithDebInfo|x64
		{451DC7E1-EFB8-3F9D-B4A8-922775AAE628}.Debug|x64.ActiveCfg = Debug|x64
		{451DC7E1-EFB8-3F9D-B4A8-922775AAE628}.Release|x64.ActiveCfg = Release|x64
		{451DC7E1-EFB8-3F9D-B4A8-922775AAE628}.MinSizeRel|x64.ActiveCfg = MinSizeRel|x64
		{451DC7E1-EFB8-3F9D-B4A8-922775AAE628}.RelWithDebInfo|x64.ActiveCfg = RelWithDebInfo|x64
		{7D049704-C467-319B-A849-97022F0F0C38}.Debug|x64.ActiveCfg = Debug|x64
		{7D049704-C467-319B-A849-97022F0F0C38}.Release|x64.ActiveCfg = Release|x64
		{7D049704-C467-319B-A849-97022F0F0C38}.MinSizeRel|x64.ActiveCfg = MinSizeRel|x64
		{7D049704-C467-319B-A849-97022F0F0C38}.RelWithDebInfo|x64.ActiveCfg = RelWithDebInfo|x64
		{894154FF-0086-3693-8314-B58F8F98CF2B}.Debug|x64.ActiveCfg = Debug|x64
		{894154FF-0086-3693-8314-B58F8F98CF2B}.Release|x64.ActiveCfg = Release|x64
		{894154FF-0086-3693-8314-B58F8F98CF2B}.MinSizeRel|x64.ActiveCfg = MinSizeRel|x64
		{894154FF-0086-3693-8314-B58F8F98CF2B}.RelWithDebInfo|x64.ActiveCfg = RelWithDebInfo|x64
	EndGlobalSection
	GlobalSection(ExtensibilityGlobals) = postSolution
		SolutionGuid = {D8378BEE-D292-3342-9782-09AFDB4A67A4}
	EndGlobalSection
	GlobalSection(ExtensibilityAddIns) = postSolution
	EndGlobalSection
EndGlobal
