<?xml version="1.0" encoding="utf-8"?>
<Project ToolsVersion="17.0" xmlns="http://schemas.microsoft.com/developer/msbuild/2003">
  <ItemGroup>
    <Filter Include="Header Files">
      <UniqueIdentifier>{d50897c5-0039-4b90-baa4-c08a4c904b9b}</UniqueIdentifier>
    </Filter>
    <Filter Include="cfg">
      <UniqueIdentifier>{d066c1ca-1d7e-4970-a032-9276320b1e15}</UniqueIdentifier>
    </Filter>
    <Filter Include="src">
      <UniqueIdentifier>{4aae3802-afe0-481f-8482-cdeb2ce34b70}</UniqueIdentifier>
    </Filter>
    <Filter Include="src\objects">
      <UniqueIdentifier>{5bb87df1-6138-470b-9741-2a5528b485ac}</UniqueIdentifier>
    </Filter>
    <Filter Include="libs">
      <UniqueIdentifier>{865e1362-d77f-4a48-ade1-73e995da494d}</UniqueIdentifier>
    </Filter>
    <Filter Include="libs\stoneydsp_core">
      <UniqueIdentifier>{63914fb3-c2cc-4558-a41b-1338b182db3d}</UniqueIdentifier>
    </Filter>
    <Filter Include="libs\stoneydsp_core\core">
      <UniqueIdentifier>{e4c4090c-4aac-4f4a-b916-27e13389c9d5}</UniqueIdentifier>
    </Filter>
  </ItemGroup>
  <ItemGroup>
    <ClInclude Include="cfg\Config.h">
      <Filter>cfg</Filter>
    </ClInclude>
    <ClInclude Include="src\main.h">
      <Filter>src</Filter>
    </ClInclude>
    <ClInclude Include="src\objects\ProcessSpec.h">
      <Filter>src\objects</Filter>
    </ClInclude>
    <ClInclude Include="src\objects\DerivedClass.h">
      <Filter>src\objects</Filter>
    </ClInclude>
    <ClInclude Include="src\objects\Inheritance.h">
      <Filter>src\objects</Filter>
    </ClInclude>
    <ClInclude Include="src\objects\Object.h">
      <Filter>src\objects</Filter>
    </ClInclude>
    <ClInclude Include="src\objects\PluginProcessor.h">
      <Filter>src\objects</Filter>
    </ClInclude>
    <ClInclude Include="src\objects\PluginWrapper.h">
      <Filter>src\objects</Filter>
    </ClInclude>
    <ClInclude Include="src\objects\BaseClass.h">
      <Filter>src\objects</Filter>
    </ClInclude>
    <ClInclude Include="src\objects\AudioProcessor.h">
      <Filter>src\objects</Filter>
    </ClInclude>
    <ClInclude Include="src\objects\AbstractClass.h">
      <Filter>src\objects</Filter>
    </ClInclude>
    <ClInclude Include="src\modules\stoneydsp_core\stoneydsp_core.h">
      <Filter>libs\stoneydsp_core</Filter>
    </ClInclude>
    <ClInclude Include="src\modules\stoneydsp_core\core\stoneydsp_bit.h">
      <Filter>libs\stoneydsp_core\core</Filter>
    </ClInclude>
    <ClInclude Include="src\modules\stoneydsp_core\core\stoneydsp_const.h">
      <Filter>libs\stoneydsp_core\core</Filter>
    </ClInclude>
    <ClInclude Include="src\modules\stoneydsp_core\core\stoneydsp_double.h">
      <Filter>libs\stoneydsp_core\core</Filter>
    </ClInclude>
    <ClInclude Include="src\modules\stoneydsp_core\core\stoneydsp_float.h">
      <Filter>libs\stoneydsp_core\core</Filter>
    </ClInclude>
    <ClInclude Include="src\modules\stoneydsp_core\core\stoneydsp_int.h">
      <Filter>libs\stoneydsp_core\core</Filter>
    </ClInclude>
    <ClInclude Include="src\modules\stoneydsp_core\core\stoneydsp_logger.h">
      <Filter>libs\stoneydsp_core\core</Filter>
    </ClInclude>
    <ClInclude Include="src\modules\stoneydsp_core\core\stoneydsp_terminal.h">
      <Filter>libs\stoneydsp_core\core</Filter>
    </ClInclude>
    <ClInclude Include="src\modules\stoneydsp_core\core\stoneydsp_unique_ptr.h">
      <Filter>libs\stoneydsp_core\core</Filter>
    </ClInclude>
    <ClInclude Include="src\modules\stoneydsp_core\core\stoneydsp_value.h">
      <Filter>libs\stoneydsp_core\core</Filter>
    </ClInclude>
  </ItemGroup>
  <ItemGroup>
    <CustomBuild Include="C:\Cpp\ConsoleApplication\CMakeLists.txt">
      <Filter>Header Files</Filter>
    </CustomBuild>
  </ItemGroup>
  <ItemGroup>
    <None Include="cfg\Config.h.in">
      <Filter>cfg</Filter>
    </None>
    <None Include="src\modules\stoneydsp_core\stoneydsp_core.mm">
      <Filter>libs\stoneydsp_core</Filter>
    </None>
  </ItemGroup>
  <ItemGroup>
    <ClCompile Include="C:\Cpp\ConsoleApplication\src\main.cpp">
      <Filter>src</Filter>
    </ClCompile>
    <ClCompile Include="src\modules\stoneydsp_core\stoneydsp_core.cpp">
      <Filter>libs\stoneydsp_core</Filter>
    </ClCompile>
  </ItemGroup>
</Project>